# This file is automatically @generated by Cargo.
# It is not intended for manual editing.
version = 4

[[package]]
name = "benchmark"
version = "0.1.0"
dependencies = [
 "evernight_core",
 "evernight_math",
 "evernight_runtime",
 "evernight_script",
]

[[package]]
name = "evernight_core"
version = "0.1.0"
dependencies = [
 "evernight_math",
]

[[package]]
name = "evernight_math"
version = "0.1.0"

[[package]]
name = "evernight_runtime"
version = "0.1.0"
dependencies = [
 "evernight_core",
 "evernight_math",
]

[[package]]
name = "evernight_script"
version = "0.1.0"
dependencies = [
 "evernight_core",
 "evernight_runtime",
]
